
Microsoft Visual Studio Solution File, Format Version 12.00
# Visual Studio Version 16
VisualStudioVersion = 16.0.29709.97
MinimumVisualStudioVersion = 10.0.40219.1
Project("{FAE04EC0-301F-11D3-BF4B-00C04F79EFBC}") = "Mid Rare Steak 2", "Mid Rare Steak 2\Mid Rare Steak 2.csproj", "{73241585-1D4D-4D73-AEF1-C577EBDB7780}"
EndProject
Global
	GlobalSection(SolutionConfigurationPlatforms) = preSolution
		Debug|Any CPU = Debug|Any CPU
		Release|Any CPU = Release|Any CPU
	EndGlobalSection
	GlobalSection(ProjectConfigurationPlatforms) = postSolution
		{73241585-1D4D-4D73-AEF1-C577EBDB7780}.Debug|Any CPU.ActiveCfg = Debug|Any CPU
		{73241585-1D4D-4D73-AEF1-C577EBDB7780}.Debug|Any CPU.Build.0 = Debug|Any CPU
		{73241585-1D4D-4D73-AEF1-C577EBDB7780}.Release|Any CPU.ActiveCfg = Release|Any CPU
		{73241585-1D4D-4D73-AEF1-C577EBDB7780}.Release|Any CPU.Build.0 = Release|Any CPU
	EndGlobalSection
	GlobalSection(SolutionProperties) = preSolution
		HideSolutionNode = FALSE
	EndGlobalSection
	GlobalSection(ExtensibilityGlobals) = postSolution
		SolutionGuid = {4AD0BED0-A7D8-44F9-8BE9-3894B20A9E4B}
	EndGlobalSection
EndGlobal
